
Microsoft Visual Studio Solution File, Format Version 12.00
# Visual Studio 15
VisualStudioVersion = 15.0.27428.2011
MinimumVisualStudioVersion = 10.0.40219.1
Project("{FAE04EC0-301F-11D3-BF4B-00C04F79EFBC}") = "EroMeWebScrapper", "EroMeWebScrapper\EroMeWebScrapper.csproj", "{80BF621F-1416-4B1E-837D-CDE5EDBF2BC4}"
EndProject
Global
	GlobalSection(SolutionConfigurationPlatforms) = preSolution
		Debug|Any CPU = Debug|Any CPU
		Release|Any CPU = Release|Any CPU
	EndGlobalSection
	GlobalSection(ProjectConfigurationPlatforms) = postSolution
		{80BF621F-1416-4B1E-837D-CDE5EDBF2BC4}.Debug|Any CPU.ActiveCfg = Debug|Any CPU
		{80BF621F-1416-4B1E-837D-CDE5EDBF2BC4}.Debug|Any CPU.Build.0 = Debug|Any CPU
		{80BF621F-1416-4B1E-837D-CDE5EDBF2BC4}.Release|Any CPU.ActiveCfg = Release|Any CPU
		{80BF621F-1416-4B1E-837D-CDE5EDBF2BC4}.Release|Any CPU.Build.0 = Release|Any CPU
	EndGlobalSection
	GlobalSection(SolutionProperties) = preSolution
		HideSolutionNode = FALSE
	EndGlobalSection
	GlobalSection(ExtensibilityGlobals) = postSolution
		SolutionGuid = {A3977A50-67ED-49D8-82C8-E44FBDE70F51}
	EndGlobalSection
EndGlobal
